
Microsoft Visual Studio Solution File, Format Version 12.00
# Visual Studio Version 17
VisualStudioVersion = 17.10.35027.167
MinimumVisualStudioVersion = 10.0.40219.1
Project("{9A19103F-16F7-4668-BE54-9A1E7A4F7556}") = "MetricsService", "MetricsService\MetricsService.csproj", "{FD4FC2B7-8B77-4135-91C5-E1BEA5BD207E}"
EndProject
Project("{9A19103F-16F7-4668-BE54-9A1E7A4F7556}") = "MetricsService.Tests", "MetricsService.Tests\MetricsService.Tests.csproj", "{899DF554-F3CD-4317-8525-27A6E3AF6462}"
EndProject
Project("{2150E333-8FDC-42A3-9474-1A3956D46DE8}") = "Solution Items", "Solution Items", "{C6CF64FB-0535-4A8F-BFE0-79DDA56B5ABD}"
	ProjectSection(SolutionItems) = preProject
		readme.md = readme.md
		license.txt = license.txt
	EndProjectSection
EndProject
Global
	GlobalSection(SolutionConfigurationPlatforms) = preSolution
		Debug|Any CPU = Debug|Any CPU
		Release|Any CPU = Release|Any CPU
	EndGlobalSection
	GlobalSection(ProjectConfigurationPlatforms) = postSolution
		{FD4FC2B7-8B77-4135-91C5-E1BEA5BD207E}.Debug|Any CPU.ActiveCfg = Debug|Any CPU
		{FD4FC2B7-8B77-4135-91C5-E1BEA5BD207E}.Debug|Any CPU.Build.0 = Debug|Any CPU
		{FD4FC2B7-8B77-4135-91C5-E1BEA5BD207E}.Release|Any CPU.ActiveCfg = Release|Any CPU
		{FD4FC2B7-8B77-4135-91C5-E1BEA5BD207E}.Release|Any CPU.Build.0 = Release|Any CPU
		{899DF554-F3CD-4317-8525-27A6E3AF6462}.Debug|Any CPU.ActiveCfg = Debug|Any CPU
		{899DF554-F3CD-4317-8525-27A6E3AF6462}.Debug|Any CPU.Build.0 = Debug|Any CPU
		{899DF554-F3CD-4317-8525-27A6E3AF6462}.Release|Any CPU.ActiveCfg = Release|Any CPU
		{899DF554-F3CD-4317-8525-27A6E3AF6462}.Release|Any CPU.Build.0 = Release|Any CPU
	EndGlobalSection
	GlobalSection(SolutionProperties) = preSolution
		HideSolutionNode = FALSE
	EndGlobalSection
	GlobalSection(ExtensibilityGlobals) = postSolution
		SolutionGuid = {600884BF-4481-4346-8A3E-0B17085A181F}
	EndGlobalSection
EndGlobal
